{
    "name": "protractor-docker-setup",
    "requires": true,
    "lockfileVersion": 1,
    "dependencies": {
        "jasmine-reporters": {
            "version": "2.3.1",
            "resolved": "https://registry.npmjs.org/jasmine-reporters/-/jasmine-reporters-2.3.1.tgz",
            "integrity": "sha1-9C1XjplmlhY0MdkRwxZ5cZ+0Ozs=",
            "requires": {
                "mkdirp": "^0.5.1",
                "xmldom": "^0.1.22"
            }
        },
        "minimist": {
            "version": "0.0.8",
            "resolved": "https://registry.npmjs.org/minimist/-/minimist-0.0.8.tgz",
            "integrity": "sha1-hX/Kv8M5fSYluCKCYuhqp6ARsF0="
        },
        "mkdirp": {
            "version": "0.5.1",
            "resolved": "https://registry.npmjs.org/mkdirp/-/mkdirp-0.5.1.tgz",
            "integrity": "sha1-MAV0OOrGz3+MR2fzhkjWaX11yQM=",
            "requires": {
                "minimist": "0.0.8"
            }
        },
        "xmldom": {
            "version": "0.1.27",
            "resolved": "https://registry.npmjs.org/xmldom/-/xmldom-0.1.27.tgz",
            "integrity": "sha1-1QH5ezvbQDr4757MIFcxh6rawOk="
        }
    }
}
